
Microsoft Visual Studio Solution File, Format Version 12.00
# Visual Studio Version 16
VisualStudioVersion = 16.0.28803.202
MinimumVisualStudioVersion = 10.0.40219.1
Project("{FAE04EC0-301F-11D3-BF4B-00C04F79EFBC}") = "WebAddressbookTests", "addressbook-web-tests\WebAddressbookTests.csproj", "{F4E8487C-6711-4A94-B09F-2E15CF9015B5}"
EndProject
Global
	GlobalSection(SolutionConfigurationPlatforms) = preSolution
		Debug|Any CPU = Debug|Any CPU
		Release|Any CPU = Release|Any CPU
	EndGlobalSection
	GlobalSection(ProjectConfigurationPlatforms) = postSolution
		{F4E8487C-6711-4A94-B09F-2E15CF9015B5}.Debug|Any CPU.ActiveCfg = Debug|Any CPU
		{F4E8487C-6711-4A94-B09F-2E15CF9015B5}.Debug|Any CPU.Build.0 = Debug|Any CPU
		{F4E8487C-6711-4A94-B09F-2E15CF9015B5}.Release|Any CPU.ActiveCfg = Release|Any CPU
		{F4E8487C-6711-4A94-B09F-2E15CF9015B5}.Release|Any CPU.Build.0 = Release|Any CPU
	EndGlobalSection
	GlobalSection(SolutionProperties) = preSolution
		HideSolutionNode = FALSE
	EndGlobalSection
	GlobalSection(ExtensibilityGlobals) = postSolution
		SolutionGuid = {418A2344-7AFA-48A8-AB2F-F42658F221D5}
	EndGlobalSection
EndGlobal
